
Microsoft Visual Studio Solution File, Format Version 12.00
# Visual Studio Version 16
VisualStudioVersion = 16.0.30804.86
MinimumVisualStudioVersion = 10.0.40219.1
Project("{FAE04EC0-301F-11D3-BF4B-00C04F79EFBC}") = "NetStore", "NetStore.csproj", "{FF25984F-108C-4AA6-B9E3-D544E2A9D73D}"
EndProject
Global
	GlobalSection(SolutionConfigurationPlatforms) = preSolution
		Debug|Any CPU = Debug|Any CPU
		Release|Any CPU = Release|Any CPU
	EndGlobalSection
	GlobalSection(ProjectConfigurationPlatforms) = postSolution
		{FF25984F-108C-4AA6-B9E3-D544E2A9D73D}.Debug|Any CPU.ActiveCfg = Debug|Any CPU
		{FF25984F-108C-4AA6-B9E3-D544E2A9D73D}.Debug|Any CPU.Build.0 = Debug|Any CPU
		{FF25984F-108C-4AA6-B9E3-D544E2A9D73D}.Release|Any CPU.ActiveCfg = Release|Any CPU
		{FF25984F-108C-4AA6-B9E3-D544E2A9D73D}.Release|Any CPU.Build.0 = Release|Any CPU
	EndGlobalSection
	GlobalSection(SolutionProperties) = preSolution
		HideSolutionNode = FALSE
	EndGlobalSection
	GlobalSection(ExtensibilityGlobals) = postSolution
		SolutionGuid = {DF3B162D-2C34-477B-AADB-694426D106DC}
	EndGlobalSection
EndGlobal
